<?xml version="1.0" encoding="UTF-8" standalone="yes" ?>
<CodeBlocks_project_file>
	<FileVersion major="1" minor="6" />
	<Project>
		<Option title="Graphics Test" />
		<Option pch_mode="2" />
		<Option compiler="gcc" />
		<Build>
			<Target title="Debug">
				<Option output="bin/Debug/Graphics Test" prefix_auto="1" extension_auto="1" />
				<Option object_output="obj/Debug/" />
				<Option type="1" />
				<Option compiler="gcc" />
				<Compiler>
					<Add option="-g" />
					<Add directory="include" />
				</Compiler>
			</Target>
			<Target title="Release">
				<Option output="bin/Release/Graphics Test" prefix_auto="1" extension_auto="1" />
				<Option object_output="obj/Release/" />
				<Option type="1" />
				<Option compiler="gcc" />
				<Compiler>
					<Add option="-O2" />
					<Add directory="include" />
				</Compiler>
				<Linker>
					<Add option="-s" />
				</Linker>
			</Target>
		</Build>
		<Compiler>
			<Add option="-Wall" />
			<Add option="-fexceptions" />
		</Compiler>
		<Unit filename="include/Application.h" />
		<Unit filename="include/Camera.h" />
		<Unit filename="include/ConsoleEngine.h" />
		<Unit filename="include/Object.h" />
		<Unit filename="include/Sphere.h" />
		<Unit filename="include/Triangle.h" />
		<Unit filename="include/Vector2d.h" />
		<Unit filename="include/Vector3d.h" />
		<Unit filename="main.cpp" />
		<Unit filename="src/Application.cpp" />
		<Unit filename="src/Camera.cpp" />
		<Unit filename="src/ConsoleEngine.cpp" />
		<Unit filename="src/Object.cpp" />
		<Unit filename="src/Sphere.cpp" />
		<Unit filename="src/Triangle.cpp">
			<Option compile="0" />
			<Option link="0" />
		</Unit>
		<Unit filename="src/Vector2d.cpp" />
		<Unit filename="src/Vector3d.cpp" />
		<Extensions>
			<lib_finder disable_auto="1" />
		</Extensions>
	</Project>
</CodeBlocks_project_file>
